Microsoft Visual Studio Solution File, Format Version 12.00
# Visual Studio Version 17
VisualStudioVersion = 17.5.2.0
MinimumVisualStudioVersion = 10.0.40219.1
Project("{FAE04EC0-301F-11D3-BF4B-00C04F79EFBC}") = "KinexusMockup", "KinexusMockup.csproj", "{9341C50A-31C9-412D-A34D-D46CFF09FC66}"
EndProject
Global
	GlobalSection(SolutionConfigurationPlatforms) = preSolution
		Debug|Any CPU = Debug|Any CPU
		Release|Any CPU = Release|Any CPU
	EndGlobalSection
	GlobalSection(ProjectConfigurationPlatforms) = postSolution
		{9341C50A-31C9-412D-A34D-D46CFF09FC66}.Debug|Any CPU.ActiveCfg = Debug|Any CPU
		{9341C50A-31C9-412D-A34D-D46CFF09FC66}.Debug|Any CPU.Build.0 = Debug|Any CPU
		{9341C50A-31C9-412D-A34D-D46CFF09FC66}.Release|Any CPU.ActiveCfg = Release|Any CPU
		{9341C50A-31C9-412D-A34D-D46CFF09FC66}.Release|Any CPU.Build.0 = Release|Any CPU
	EndGlobalSection
	GlobalSection(SolutionProperties) = preSolution
		HideSolutionNode = FALSE
	EndGlobalSection
	GlobalSection(ExtensibilityGlobals) = postSolution
		SolutionGuid = {8ECBC468-7912-43C0-BCCA-B394C83F2354}
	EndGlobalSection
EndGlobal
